{
  "name": "inventoryhmi",
  "version": "1.0.0",
  "lockfileVersion": 2,
  "requires": true,
  "packages": {
    "": {
      "name": "inventoryhmi",
      "version": "1.0.0",
      "license": "ISC",
      "dependencies": {
        "handlebars": "*",
        "jquery": "*"
      }
    },
    "node_modules/handlebars": {},
    "node_modules/jquery": {}
  },
  "dependencies": {
    "handlebars": {},
    "jquery": {}
  }
}
